// !$*UTF8*$!
{
	archiveVersion = 1;
	classes = {
	};
	objectVersion = 55;
	objects = {

/* Begin PBXBuildFile section */
		D2CF97F3286C1B1600C251A2 /* Main.swift in Sources */ = {isa = PBXBuildFile; fileRef = D2CF97F2286C1B1600C251A2 /* Main.swift */; };
		D2CF9800286C1D8800C251A2 /* Info.plist in Resources */ = {isa = PBXBuildFile; fileRef = D2CF97F4286C1D8800C251A2 /* Info.plist */; };
		D2CF9801286C1D8800C251A2 /* CameraCapture.swift in Sources */ = {isa = PBXBuildFile; fileRef = D2CF97F5286C1D8800C251A2 /* CameraCapture.swift */; };
		D2CF9802286C1D8800C251A2 /* PluginInterface.swift in Sources */ = {isa = PBXBuildFile; fileRef = D2CF97F6286C1D8800C251A2 /* PluginInterface.swift */; };
		D2CF9803286C1D8800C251A2 /* Plugin.swift in Sources */ = {isa = PBXBuildFile; fileRef = D2CF97F7286C1D8800C251A2 /* Plugin.swift */; };
		D2CF9804286C1D8800C251A2 /* CVPixelBuffer+SimpleDALPlugin.swift in Sources */ = {isa = PBXBuildFile; fileRef = D2CF97F8286C1D8800C251A2 /* CVPixelBuffer+SimpleDALPlugin.swift */; };
		D2CF9805286C1D8800C251A2 /* Object.swift in Sources */ = {isa = PBXBuildFile; fileRef = D2CF97F9286C1D8800C251A2 /* Object.swift */; };
		D2CF9806286C1D8800C251A2 /* Device.swift in Sources */ = {isa = PBXBuildFile; fileRef = D2CF97FA286C1D8800C251A2 /* Device.swift */; };
		D2CF9807286C1D8800C251A2 /* GPUDevice.swift in Sources */ = {isa = PBXBuildFile; fileRef = D2CF97FB286C1D8800C251A2 /* GPUDevice.swift */; };
		D2CF9808286C1D8800C251A2 /* Property.swift in Sources */ = {isa = PBXBuildFile; fileRef = D2CF97FC286C1D8800C251A2 /* Property.swift */; };
		D2CF9809286C1D8800C251A2 /* VideoComposer.swift in Sources */ = {isa = PBXBuildFile; fileRef = D2CF97FD286C1D8800C251A2 /* VideoComposer.swift */; };
		D2CF980A286C1D8800C251A2 /* Log.swift in Sources */ = {isa = PBXBuildFile; fileRef = D2CF97FE286C1D8800C251A2 /* Log.swift */; };
		D2CF980B286C1D8800C251A2 /* Stream.swift in Sources */ = {isa = PBXBuildFile; fileRef = D2CF97FF286C1D8800C251A2 /* Stream.swift */; };
/* End PBXBuildFile section */

/* Begin PBXFileReference section */
		D2CF97E9286C1AC500C251A2 /* iOSVirtualCam.bundle */ = {isa = PBXFileReference; explicitFileType = wrapper.cfbundle; includeInIndex = 0; path = iOSVirtualCam.bundle; sourceTree = BUILT_PRODUCTS_DIR; };
		D2CF97F1286C1B1600C251A2 /* iOSVirtualCam-Bridging-Header.h */ = {isa = PBXFileReference; lastKnownFileType = sourcecode.c.h; path = "iOSVirtualCam-Bridging-Header.h"; sourceTree = "<group>"; };
		D2CF97F2286C1B1600C251A2 /* Main.swift */ = {isa = PBXFileReference; lastKnownFileType = sourcecode.swift; path = Main.swift; sourceTree = "<group>"; };
		D2CF97F4286C1D8800C251A2 /* Info.plist */ = {isa = PBXFileReference; fileEncoding = 4; lastKnownFileType = text.plist.xml; path = Info.plist; sourceTree = "<group>"; };
		D2CF97F5286C1D8800C251A2 /* CameraCapture.swift */ = {isa = PBXFileReference; fileEncoding = 4; lastKnownFileType = sourcecode.swift; path = CameraCapture.swift; sourceTree = "<group>"; };
		D2CF97F6286C1D8800C251A2 /* PluginInterface.swift */ = {isa = PBXFileReference; fileEncoding = 4; lastKnownFileType = sourcecode.swift; path = PluginInterface.swift; sourceTree = "<group>"; };
		D2CF97F7286C1D8800C251A2 /* Plugin.swift */ = {isa = PBXFileReference; fileEncoding = 4; lastKnownFileType = sourcecode.swift; path = Plugin.swift; sourceTree = "<group>"; };
		D2CF97F8286C1D8800C251A2 /* CVPixelBuffer+SimpleDALPlugin.swift */ = {isa = PBXFileReference; fileEncoding = 4; lastKnownFileType = sourcecode.swift; path = "CVPixelBuffer+SimpleDALPlugin.swift"; sourceTree = "<group>"; };
		D2CF97F9286C1D8800C251A2 /* Object.swift */ = {isa = PBXFileReference; fileEncoding = 4; lastKnownFileType = sourcecode.swift; path = Object.swift; sourceTree = "<group>"; };
		D2CF97FA286C1D8800C251A2 /* Device.swift */ = {isa = PBXFileReference; fileEncoding = 4; lastKnownFileType = sourcecode.swift; path = Device.swift; sourceTree = "<group>"; };
		D2CF97FB286C1D8800C251A2 /* GPUDevice.swift */ = {isa = PBXFileReference; fileEncoding = 4; lastKnownFileType = sourcecode.swift; path = GPUDevice.swift; sourceTree = "<group>"; };
		D2CF97FC286C1D8800C251A2 /* Property.swift */ = {isa = PBXFileReference; fileEncoding = 4; lastKnownFileType = sourcecode.swift; path = Property.swift; sourceTree = "<group>"; };
		D2CF97FD286C1D8800C251A2 /* VideoComposer.swift */ = {isa = PBXFileReference; fileEncoding = 4; lastKnownFileType = sourcecode.swift; path = VideoComposer.swift; sourceTree = "<group>"; };
		D2CF97FE286C1D8800C251A2 /* Log.swift */ = {isa = PBXFileReference; fileEncoding = 4; lastKnownFileType = sourcecode.swift; path = Log.swift; sourceTree = "<group>"; };
		D2CF97FF286C1D8800C251A2 /* Stream.swift */ = {isa = PBXFileReference; fileEncoding = 4; lastKnownFileType = sourcecode.swift; path = Stream.swift; sourceTree = "<group>"; };
		D2CF9811286C29E400C251A2 /* CoreMediaIO.framework */ = {isa = PBXFileReference; lastKnownFileType = wrapper.framework; name = CoreMediaIO.framework; path = System/Library/Frameworks/CoreMediaIO.framework; sourceTree = SDKROOT; };
/* End PBXFileReference section */

/* Begin PBXFrameworksBuildPhase section */
		D2CF97E6286C1AC500C251A2 /* Frameworks */ = {
			isa = PBXFrameworksBuildPhase;
			buildActionMask = 2147483647;
			files = (
			);
			runOnlyForDeploymentPostprocessing = 0;
		};
/* End PBXFrameworksBuildPhase section */

/* Begin PBXGroup section */
		D2CF97E0286C1AC500C251A2 = {
			isa = PBXGroup;
			children = (
				D2CF97F0286C1AF800C251A2 /* main */,
				D2CF97EA286C1AC500C251A2 /* Products */,
				D2CF9810286C29E400C251A2 /* Frameworks */,
			);
			sourceTree = "<group>";
		};
		D2CF97EA286C1AC500C251A2 /* Products */ = {
			isa = PBXGroup;
			children = (
				D2CF97E9286C1AC500C251A2 /* iOSVirtualCam.bundle */,
			);
			name = Products;
			sourceTree = "<group>";
		};
		D2CF97F0286C1AF800C251A2 /* main */ = {
			isa = PBXGroup;
			children = (
				D2CF97F2286C1B1600C251A2 /* Main.swift */,
				D2CF97F1286C1B1600C251A2 /* iOSVirtualCam-Bridging-Header.h */,
				D2CF97F5286C1D8800C251A2 /* CameraCapture.swift */,
				D2CF97F8286C1D8800C251A2 /* CVPixelBuffer+SimpleDALPlugin.swift */,
				D2CF97FA286C1D8800C251A2 /* Device.swift */,
				D2CF97FB286C1D8800C251A2 /* GPUDevice.swift */,
				D2CF97F4286C1D8800C251A2 /* Info.plist */,
				D2CF97FE286C1D8800C251A2 /* Log.swift */,
				D2CF97F9286C1D8800C251A2 /* Object.swift */,
				D2CF97F7286C1D8800C251A2 /* Plugin.swift */,
				D2CF97F6286C1D8800C251A2 /* PluginInterface.swift */,
				D2CF97FC286C1D8800C251A2 /* Property.swift */,
				D2CF97FF286C1D8800C251A2 /* Stream.swift */,
				D2CF97FD286C1D8800C251A2 /* VideoComposer.swift */,
			);
			path = main;
			sourceTree = "<group>";
		};
		D2CF9810286C29E400C251A2 /* Frameworks */ = {
			isa = PBXGroup;
			children = (
				D2CF9811286C29E400C251A2 /* CoreMediaIO.framework */,
			);
			name = Frameworks;
			sourceTree = "<group>";
		};
/* End PBXGroup section */

/* Begin PBXNativeTarget section */
		D2CF97E8286C1AC500C251A2 /* iOSVirtualCam */ = {
			isa = PBXNativeTarget;
			buildConfigurationList = D2CF97ED286C1AC500C251A2 /* Build configuration list for PBXNativeTarget "iOSVirtualCam" */;
			buildPhases = (
				D2CF97E5286C1AC500C251A2 /* Sources */,
				D2CF97E6286C1AC500C251A2 /* Frameworks */,
				D2CF97E7286C1AC500C251A2 /* Resources */,
			);
			buildRules = (
			);
			dependencies = (
			);
			name = iOSVirtualCam;
			productName = iOSVirtualCam;
			productReference = D2CF97E9286C1AC500C251A2 /* iOSVirtualCam.bundle */;
			productType = "com.apple.product-type.bundle";
		};
/* End PBXNativeTarget section */

/* Begin PBXProject section */
		D2CF97E1286C1AC500C251A2 /* Project object */ = {
			isa = PBXProject;
			attributes = {
				BuildIndependentTargetsInParallel = 1;
				LastUpgradeCheck = 1330;
				TargetAttributes = {
					D2CF97E8286C1AC500C251A2 = {
						CreatedOnToolsVersion = 13.3.1;
						LastSwiftMigration = 1330;
					};
				};
			};
			buildConfigurationList = D2CF97E4286C1AC500C251A2 /* Build configuration list for PBXProject "iOSVirtualCam" */;
			compatibilityVersion = "Xcode 13.0";
			developmentRegion = en;
			hasScannedForEncodings = 0;
			knownRegions = (
				en,
				Base,
			);
			mainGroup = D2CF97E0286C1AC500C251A2;
			productRefGroup = D2CF97EA286C1AC500C251A2 /* Products */;
			projectDirPath = "";
			projectRoot = "";
			targets = (
				D2CF97E8286C1AC500C251A2 /* iOSVirtualCam */,
			);
		};
/* End PBXProject section */

/* Begin PBXResourcesBuildPhase section */
		D2CF97E7286C1AC500C251A2 /* Resources */ = {
			isa = PBXResourcesBuildPhase;
			buildActionMask = 2147483647;
			files = (
				D2CF9800286C1D8800C251A2 /* Info.plist in Resources */,
			);
			runOnlyForDeploymentPostprocessing = 0;
		};
/* End PBXResourcesBuildPhase section */

/* Begin PBXSourcesBuildPhase section */
		D2CF97E5286C1AC500C251A2 /* Sources */ = {
			isa = PBXSourcesBuildPhase;
			buildActionMask = 2147483647;
			files = (
				D2CF9808286C1D8800C251A2 /* Property.swift in Sources */,
				D2CF9802286C1D8800C251A2 /* PluginInterface.swift in Sources */,
				D2CF980A286C1D8800C251A2 /* Log.swift in Sources */,
				D2CF97F3286C1B1600C251A2 /* Main.swift in Sources */,
				D2CF9803286C1D8800C251A2 /* Plugin.swift in Sources */,
				D2CF9804286C1D8800C251A2 /* CVPixelBuffer+SimpleDALPlugin.swift in Sources */,
				D2CF9809286C1D8800C251A2 /* VideoComposer.swift in Sources */,
				D2CF980B286C1D8800C251A2 /* Stream.swift in Sources */,
				D2CF9805286C1D8800C251A2 /* Object.swift in Sources */,
				D2CF9806286C1D8800C251A2 /* Device.swift in Sources */,
				D2CF9807286C1D8800C251A2 /* GPUDevice.swift in Sources */,
				D2CF9801286C1D8800C251A2 /* CameraCapture.swift in Sources */,
			);
			runOnlyForDeploymentPostprocessing = 0;
		};
/* End PBXSourcesBuildPhase section */

/* Begin XCBuildConfiguration section */
		D2CF97EB286C1AC500C251A2 /* Debug */ = {
			isa = XCBuildConfiguration;
			buildSettings = {
				ALWAYS_SEARCH_USER_PATHS = NO;
				CLANG_ANALYZER_NONNULL = YES;
				CLANG_ANALYZER_NUMBER_OBJECT_CONVERSION = YES_AGGRESSIVE;
				CLANG_CXX_LANGUAGE_STANDARD = "gnu++17";
				CLANG_ENABLE_MODULES = YES;
				CLANG_ENABLE_OBJC_ARC = YES;
				CLANG_ENABLE_OBJC_WEAK = YES;
				CLANG_WARN_BLOCK_CAPTURE_AUTORELEASING = YES;
				CLANG_WARN_BOOL_CONVERSION = YES;
				CLANG_WARN_COMMA = YES;
				CLANG_WARN_CONSTANT_CONVERSION = YES;
				CLANG_WARN_DEPRECATED_OBJC_IMPLEMENTATIONS = YES;
				CLANG_WARN_DIRECT_OBJC_ISA_USAGE = YES_ERROR;
				CLANG_WARN_DOCUMENTATION_COMMENTS = YES;
				CLANG_WARN_EMPTY_BODY = YES;
				CLANG_WARN_ENUM_CONVERSION = YES;
				CLANG_WARN_INFINITE_RECURSION = YES;
				CLANG_WARN_INT_CONVERSION = YES;
				CLANG_WARN_NON_LITERAL_NULL_CONVERSION = YES;
				CLANG_WARN_OBJC_IMPLICIT_RETAIN_SELF = YES;
				CLANG_WARN_OBJC_LITERAL_CONVERSION = YES;
				CLANG_WARN_OBJC_ROOT_CLASS = YES_ERROR;
				CLANG_WARN_QUOTED_INCLUDE_IN_FRAMEWORK_HEADER = YES;
				CLANG_WARN_RANGE_LOOP_ANALYSIS = YES;
				CLANG_WARN_STRICT_PROTOTYPES = YES;
				CLANG_WARN_SUSPICIOUS_MOVE = YES;
				CLANG_WARN_UNGUARDED_AVAILABILITY = YES_AGGRESSIVE;
				CLANG_WARN_UNREACHABLE_CODE = YES;
				CLANG_WARN__DUPLICATE_METHOD_MATCH = YES;
				COPY_PHASE_STRIP = NO;
				DEBUG_INFORMATION_FORMAT = dwarf;
				ENABLE_STRICT_OBJC_MSGSEND = YES;
				ENABLE_TESTABILITY = YES;
				GCC_C_LANGUAGE_STANDARD = gnu11;
				GCC_DYNAMIC_NO_PIC = NO;
				GCC_NO_COMMON_BLOCKS = YES;
				GCC_OPTIMIZATION_LEVEL = 0;
				GCC_PREPROCESSOR_DEFINITIONS = (
					"DEBUG=1",
					"$(inherited)",
				);
				GCC_WARN_64_TO_32_BIT_CONVERSION = YES;
				GCC_WARN_ABOUT_RETURN_TYPE = YES_ERROR;
				GCC_WARN_UNDECLARED_SELECTOR = YES;
				GCC_WARN_UNINITIALIZED_AUTOS = YES_AGGRESSIVE;
				GCC_WARN_UNUSED_FUNCTION = YES;
				GCC_WARN_UNUSED_VARIABLE = YES;
				MACOSX_DEPLOYMENT_TARGET = 12.3;
				MTL_ENABLE_DEBUG_INFO = INCLUDE_SOURCE;
				MTL_FAST_MATH = YES;
				ONLY_ACTIVE_ARCH = YES;
				SDKROOT = macosx;
			};
			name = Debug;
		};
		D2CF97EC286C1AC500C251A2 /* Release */ = {
			isa = XCBuildConfiguration;
			buildSettings = {
				ALWAYS_SEARCH_USER_PATHS = NO;
				CLANG_ANALYZER_NONNULL = YES;
				CLANG_ANALYZER_NUMBER_OBJECT_CONVERSION = YES_AGGRESSIVE;
				CLANG_CXX_LANGUAGE_STANDARD = "gnu++17";
				CLANG_ENABLE_MODULES = YES;
				CLANG_ENABLE_OBJC_ARC = YES;
				CLANG_ENABLE_OBJC_WEAK = YES;
				CLANG_WARN_BLOCK_CAPTURE_AUTORELEASING = YES;
				CLANG_WARN_BOOL_CONVERSION = YES;
				CLANG_WARN_COMMA = YES;
				CLANG_WARN_CONSTANT_CONVERSION = YES;
				CLANG_WARN_DEPRECATED_OBJC_IMPLEMENTATIONS = YES;
				CLANG_WARN_DIRECT_OBJC_ISA_USAGE = YES_ERROR;
				CLANG_WARN_DOCUMENTATION_COMMENTS = YES;
				CLANG_WARN_EMPTY_BODY = YES;
				CLANG_WARN_ENUM_CONVERSION = YES;
				CLANG_WARN_INFINITE_RECURSION = YES;
				CLANG_WARN_INT_CONVERSION = YES;
				CLANG_WARN_NON_LITERAL_NULL_CONVERSION = YES;
				CLANG_WARN_OBJC_IMPLICIT_RETAIN_SELF = YES;
				CLANG_WARN_OBJC_LITERAL_CONVERSION = YES;
				CLANG_WARN_OBJC_ROOT_CLASS = YES_ERROR;
				CLANG_WARN_QUOTED_INCLUDE_IN_FRAMEWORK_HEADER = YES;
				CLANG_WARN_RANGE_LOOP_ANALYSIS = YES;
				CLANG_WARN_STRICT_PROTOTYPES = YES;
				CLANG_WARN_SUSPICIOUS_MOVE = YES;
				CLANG_WARN_UNGUARDED_AVAILABILITY = YES_AGGRESSIVE;
				CLANG_WARN_UNREACHABLE_CODE = YES;
				CLANG_WARN__DUPLICATE_METHOD_MATCH = YES;
				COPY_PHASE_STRIP = NO;
				DEBUG_INFORMATION_FORMAT = "dwarf-with-dsym";
				ENABLE_NS_ASSERTIONS = NO;
				ENABLE_STRICT_OBJC_MSGSEND = YES;
				GCC_C_LANGUAGE_STANDARD = gnu11;
				GCC_NO_COMMON_BLOCKS = YES;
				GCC_WARN_64_TO_32_BIT_CONVERSION = YES;
				GCC_WARN_ABOUT_RETURN_TYPE = YES_ERROR;
				GCC_WARN_UNDECLARED_SELECTOR = YES;
				GCC_WARN_UNINITIALIZED_AUTOS = YES_AGGRESSIVE;
				GCC_WARN_UNUSED_FUNCTION = YES;
				GCC_WARN_UNUSED_VARIABLE = YES;
				MACOSX_DEPLOYMENT_TARGET = 12.3;
				MTL_ENABLE_DEBUG_INFO = NO;
				MTL_FAST_MATH = YES;
				SDKROOT = macosx;
			};
			name = Release;
		};
		D2CF97EE286C1AC500C251A2 /* Debug */ = {
			isa = XCBuildConfiguration;
			buildSettings = {
				CLANG_ENABLE_MODULES = YES;
				CODE_SIGN_STYLE = Automatic;
				COMBINE_HIDPI_IMAGES = YES;
				CURRENT_PROJECT_VERSION = 1;
				DEVELOPMENT_TEAM = LDC6VVX2PY;
				GENERATE_INFOPLIST_FILE = YES;
				INFOPLIST_KEY_NSHumanReadableCopyright = "";
				INFOPLIST_KEY_NSPrincipalClass = "";
				INSTALL_PATH = "$(LOCAL_LIBRARY_DIR)/Bundles";
				LD_RUNPATH_SEARCH_PATHS = (
					"$(inherited)",
					"@executable_path/../Frameworks",
					"@loader_path/../Frameworks",
				);
				MARKETING_VERSION = 1.0;
				PRODUCT_BUNDLE_IDENTIFIER = toshihide.matsuda.iOSVirtualCam;
				PRODUCT_NAME = "$(TARGET_NAME)";
				SKIP_INSTALL = YES;
				SWIFT_EMIT_LOC_STRINGS = YES;
				SWIFT_OBJC_BRIDGING_HEADER = "main/iOSVirtualCam-Bridging-Header.h";
				SWIFT_OPTIMIZATION_LEVEL = "-Onone";
				SWIFT_VERSION = 5.0;
				WRAPPER_EXTENSION = bundle;
			};
			name = Debug;
		};
		D2CF97EF286C1AC500C251A2 /* Release */ = {
			isa = XCBuildConfiguration;
			buildSettings = {
				CLANG_ENABLE_MODULES = YES;
				CODE_SIGN_STYLE = Automatic;
				COMBINE_HIDPI_IMAGES = YES;
				CURRENT_PROJECT_VERSION = 1;
				DEVELOPMENT_TEAM = LDC6VVX2PY;
				GENERATE_INFOPLIST_FILE = YES;
				INFOPLIST_KEY_NSHumanReadableCopyright = "";
				INFOPLIST_KEY_NSPrincipalClass = "";
				INSTALL_PATH = "$(LOCAL_LIBRARY_DIR)/Bundles";
				LD_RUNPATH_SEARCH_PATHS = (
					"$(inherited)",
					"@executable_path/../Frameworks",
					"@loader_path/../Frameworks",
				);
				MARKETING_VERSION = 1.0;
				PRODUCT_BUNDLE_IDENTIFIER = toshihide.matsuda.iOSVirtualCam;
				PRODUCT_NAME = "$(TARGET_NAME)";
				SKIP_INSTALL = YES;
				SWIFT_EMIT_LOC_STRINGS = YES;
				SWIFT_OBJC_BRIDGING_HEADER = "main/iOSVirtualCam-Bridging-Header.h";
				SWIFT_VERSION = 5.0;
				WRAPPER_EXTENSION = bundle;
			};
			name = Release;
		};
/* End XCBuildConfiguration section */

/* Begin XCConfigurationList section */
		D2CF97E4286C1AC500C251A2 /* Build configuration list for PBXProject "iOSVirtualCam" */ = {
			isa = XCConfigurationList;
			buildConfigurations = (
				D2CF97EB286C1AC500C251A2 /* Debug */,
				D2CF97EC286C1AC500C251A2 /* Release */,
			);
			defaultConfigurationIsVisible = 0;
			defaultConfigurationName = Release;
		};
		D2CF97ED286C1AC500C251A2 /* Build configuration list for PBXNativeTarget "iOSVirtualCam" */ = {
			isa = XCConfigurationList;
			buildConfigurations = (
				D2CF97EE286C1AC500C251A2 /* Debug */,
				D2CF97EF286C1AC500C251A2 /* Release */,
			);
			defaultConfigurationIsVisible = 0;
			defaultConfigurationName = Release;
		};
/* End XCConfigurationList section */
	};
	rootObject = D2CF97E1286C1AC500C251A2 /* Project object */;
}
